
Microsoft Visual Studio Solution File, Format Version 12.00
# Visual Studio Version 16
VisualStudioVersion = 16.0.30611.23
MinimumVisualStudioVersion = 10.0.40219.1
Project("{9A19103F-16F7-4668-BE54-9A1E7A4F7556}") = "MouseMover", "MouseMover\MouseMover.csproj", "{4056DB55-B6DF-4522-80D5-C6C1EE295B1D}"
EndProject
Global
	GlobalSection(SolutionConfigurationPlatforms) = preSolution
		Debug|Any CPU = Debug|Any CPU
		Release|Any CPU = Release|Any CPU
	EndGlobalSection
	GlobalSection(ProjectConfigurationPlatforms) = postSolution
		{4056DB55-B6DF-4522-80D5-C6C1EE295B1D}.Debug|Any CPU.ActiveCfg = Debug|Any CPU
		{4056DB55-B6DF-4522-80D5-C6C1EE295B1D}.Debug|Any CPU.Build.0 = Debug|Any CPU
		{4056DB55-B6DF-4522-80D5-C6C1EE295B1D}.Release|Any CPU.ActiveCfg = Release|Any CPU
		{4056DB55-B6DF-4522-80D5-C6C1EE295B1D}.Release|Any CPU.Build.0 = Release|Any CPU
	EndGlobalSection
	GlobalSection(SolutionProperties) = preSolution
		HideSolutionNode = FALSE
	EndGlobalSection
	GlobalSection(ExtensibilityGlobals) = postSolution
		SolutionGuid = {E81ADD15-B6AE-49D2-B0A1-CA3C6AE82626}
	EndGlobalSection
EndGlobal
